{
    "_readme": [
        "This file locks the dependencies of your project to a known state",
        "Read more about it at https://getcomposer.org/doc/01-basic-usage.md#installing-dependencies",
        "This file is @generated automatically"
    ],
    "content-hash": "44ce611601f93d8c5552fc28f2ceb52c",
    "packages": [
        {
            "name": "nezimi/zero-helper",
            "version": "dev-master",
            "source": {
                "type": "git",
                "url": "https://github.com/PengYilong/zero-helper.git",
                "reference": "90def7ac867cb23c3773b68b8a6d3ec6442313a3"
            },
            "dist": {
                "type": "zip",
                "url": "https://api.github.com/repos/PengYilong/zero-helper/zipball/90def7ac867cb23c3773b68b8a6d3ec6442313a3",
                "reference": "90def7ac867cb23c3773b68b8a6d3ec6442313a3",
                "shasum": ""
            },
            "require": {
                "php": ">=7.1.0"
            },
            "type": "library",
            "autoload": {
                "psr-4": {
                    "zero\\": "src"
                },
                "files": [
                    "src/functions.php"
                ]
            },
            "notification-url": "https://packagist.org/downloads/",
            "authors": [
                {
                    "name": "Yilong Peng",
                    "email": "948800401@qq.com",
                    "role": "Developer"
                }
            ],
            "description": "function library",
            "homepage": "https://github.com/PengYilong/zero-helper",
            "time": "2020-01-04T14:24:38+00:00"
        }
    ],
    "packages-dev": [],
    "aliases": [],
    "minimum-stability": "stable",
    "stability-flags": {
        "nezimi/zero-helper": 20
    },
    "prefer-stable": false,
    "prefer-lowest": false,
    "platform": {
        "php": ">=7.1.0"
    },
    "platform-dev": []
}
